
Microsoft Visual Studio Solution File, Format Version 12.00
# Visual Studio Version 16
VisualStudioVersion = 16.0.29728.190
MinimumVisualStudioVersion = 10.0.40219.1
Project("{2150E333-8FDC-42A3-9474-1A3956D46DE8}") = "Domain", "Domain", "{9E0378CF-6ADF-48F2-85F6-7FDD79278710}"
EndProject
Project("{2150E333-8FDC-42A3-9474-1A3956D46DE8}") = "Controls", "Controls", "{09DAD0DE-2075-4326-8208-00BBD0FE1FF1}"
EndProject
Project("{9A19103F-16F7-4668-BE54-9A1E7A4F7556}") = "BauControls", "..\..\Controls\WPF\BauControls\src\BauControls.csproj", "{C4411755-086A-464B-A62D-BE0CCD18EFB9}"
EndProject
Project("{9A19103F-16F7-4668-BE54-9A1E7A4F7556}") = "CodeEditor", "..\..\Controls\WPF\CodeEditor\src\CodeEditor.csproj", "{4E07699F-5BD6-41C5-A42E-928A2AA332FC}"
EndProject
Project("{2150E333-8FDC-42A3-9474-1A3956D46DE8}") = "Libraries", "Libraries", "{A11B5607-E4D6-4254-97F7-1BE636C5C2C0}"
EndProject
Project("{9A19103F-16F7-4668-BE54-9A1E7A4F7556}") = "LibHelper", "..\..\Libraries\Common\LibHelper\src\LibHelper.csproj", "{681609AF-B80A-4CBD-80A9-926B3C6FA817}"
EndProject
Project("{9A19103F-16F7-4668-BE54-9A1E7A4F7556}") = "LibLogger.Core", "..\..\Libraries\Common\LibLogger\src\LibLogger.Core\LibLogger.Core.csproj", "{AD91F360-8C28-44F8-9FE1-EB78A80F5D01}"
EndProject
Project("{9A19103F-16F7-4668-BE54-9A1E7A4F7556}") = "LibLogger.Interfaces", "..\..\Libraries\Common\LibLogger\src\LibLogger.Interfaces\LibLogger.Interfaces.csproj", "{511AAA9E-BB99-469F-80E1-A8DB0AC0C349}"
EndProject
Project("{9A19103F-16F7-4668-BE54-9A1E7A4F7556}") = "LibLogger.Models", "..\..\Libraries\Common\LibLogger\src\LibLogger.Models\LibLogger.Models.csproj", "{D3EC0236-F914-4CBF-905F-423905043F77}"
EndProject
Project("{9A19103F-16F7-4668-BE54-9A1E7A4F7556}") = "LibLogger.Writer.AppInsights", "..\..\Libraries\Common\LibLogger\src\LibLogger.Writer.AppInsights\LibLogger.Writer.AppInsights.csproj", "{529DA951-3C1E-4FE2-B0C4-928203105405}"
EndProject
Project("{9A19103F-16F7-4668-BE54-9A1E7A4F7556}") = "LibLogger.Writer.Console", "..\..\Libraries\Common\LibLogger\src\LibLogger.Writer.Console\LibLogger.Writer.Console.csproj", "{60359CD0-48C5-4D38-BE6B-3FDD9896E646}"
EndProject
Project("{9A19103F-16F7-4668-BE54-9A1E7A4F7556}") = "LibLogger.Writer.Files", "..\..\Libraries\Common\LibLogger\src\LibLogger.Writer.Files\LibLogger.Writer.Files.csproj", "{412E56E8-9B78-4671-8CA8-FDF76415A0A1}"
EndProject
Project("{9A19103F-16F7-4668-BE54-9A1E7A4F7556}") = "LibMarkup", "..\..\Libraries\Common\LibMarkup\src\LibMarkup.csproj", "{68B398B8-CBA1-46EC-ADD7-F07CB9A47797}"
EndProject
Project("{2150E333-8FDC-42A3-9474-1A3956D46DE8}") = "Common", "Common", "{2D981961-EB2A-4F8C-B214-AF852B18BD3E}"
EndProject
Project("{2150E333-8FDC-42A3-9474-1A3956D46DE8}") = "Logger", "Logger", "{F50F9D8F-4608-40BE-8614-244E148BFDAD}"
EndProject
Project("{2150E333-8FDC-42A3-9474-1A3956D46DE8}") = "Mvvm", "Mvvm", "{2E460AEC-0DD6-46AC-A4B0-74823FF4856D}"
EndProject
Project("{9A19103F-16F7-4668-BE54-9A1E7A4F7556}") = "BauMvvm.ViewModels", "..\..\Libraries\Architecture\Mvvm\src\BauMvvm.ViewModels\BauMvvm.ViewModels.csproj", "{720CCA0B-7A97-44D3-8571-C735CA85E3E2}"
EndProject
Project("{9A19103F-16F7-4668-BE54-9A1E7A4F7556}") = "BauMvvm.Views", "..\..\Libraries\Architecture\Mvvm\src\BauMvvm.Views\BauMvvm.Views.csproj", "{FFA90CCE-8C07-4A0F-A90C-3ED1B7B81E9C}"
EndProject
Project("{9A19103F-16F7-4668-BE54-9A1E7A4F7556}") = "LibDataStructures", "..\..\Libraries\Common\LibDataStructures\src\LibDataStructures.csproj", "{FF525CBA-E313-44A2-958C-742F082440E5}"
EndProject
Project("{2150E333-8FDC-42A3-9474-1A3956D46DE8}") = "DataBases", "DataBases", "{4613522B-5973-4FFD-B94D-BEFF37B61BAB}"
EndProject
Project("{9A19103F-16F7-4668-BE54-9A1E7A4F7556}") = "LibDbProviders.Base", "..\..\Libraries\DataBase\src\DataBaseProviders\LibDbProviders.Base\LibDbProviders.Base.csproj", "{D4E8BECA-34CB-4E9C-9745-56368366EF5D}"
EndProject
Project("{9A19103F-16F7-4668-BE54-9A1E7A4F7556}") = "LibDbProviders.Spark", "..\..\Libraries\DataBase\src\DataBaseProviders\LibDbProviders.Spark\LibDbProviders.Spark.csproj", "{393B297D-E162-4288-A84C-5923450202B7}"
EndProject
Project("{9A19103F-16F7-4668-BE54-9A1E7A4F7556}") = "LibJsonConversor", "..\..\Libraries\Common\LibJsonConversor\LibJsonConversor.csproj", "{67036C9A-1D5D-4D50-A2CB-DB8886EA08C3}"
EndProject
Project("{9A19103F-16F7-4668-BE54-9A1E7A4F7556}") = "LibCsvFiles", "..\..\Libraries\Formats\LibCsvFiles\LibCsvFiles.csproj", "{E9D6C485-6293-4361-9CC0-4719918E0240}"
EndProject
Project("{9A19103F-16F7-4668-BE54-9A1E7A4F7556}") = "LibParquetFiles", "..\..\Libraries\Formats\LibParquetFiles\LibParquetFiles.csproj", "{F6D4F1DA-A554-41DC-8CF6-7CE7E499512A}"
EndProject
Project("{9A19103F-16F7-4668-BE54-9A1E7A4F7556}") = "LibDbProviders.SqlServer", "..\..\Libraries\DataBase\src\DataBaseProviders\LibDbProviders.SqlServer\LibDbProviders.SqlServer.csproj", "{A37594A6-8859-4DAF-A138-19F8EDCBFD80}"
EndProject
Project("{9A19103F-16F7-4668-BE54-9A1E7A4F7556}") = "LibDbProviders.Odbc", "..\..\Libraries\DataBase\src\DataBaseProviders\LibDbProviders.Odbc\LibDbProviders.Odbc.csproj", "{541F7D56-48CB-4C5E-85D5-7126BF956E34}"
EndProject
Project("{9A19103F-16F7-4668-BE54-9A1E7A4F7556}") = "LibDbProviders.PostgreSql", "..\..\Libraries\DataBase\src\DataBaseProviders\LibDbProviders.PostgreSql\LibDbProviders.PostgreSql.csproj", "{24884425-CACD-48B2-A45D-C26127108E5A}"
EndProject
Project("{FAE04EC0-301F-11D3-BF4B-00C04F79EFBC}") = "LibSystem.Windows", "..\..\Libraries\Common\LibSystem.Windows\src\LibSystem.Windows.csproj", "{15653E4E-C834-4DB7-8D99-E80C32DE7B3A}"
EndProject
Project("{2150E333-8FDC-42A3-9474-1A3956D46DE8}") = "Cloud", "Cloud", "{5BB81F6D-2CD5-4A79-B214-0E3A0A77BDEE}"
EndProject
Project("{9A19103F-16F7-4668-BE54-9A1E7A4F7556}") = "LibCloudStorage", "..\..\Libraries\Cloud\LibCloudStorage\src\LibCloudStorage\LibCloudStorage.csproj", "{AB6D6D20-2F3F-4542-AABD-0CA959B1D1AF}"
EndProject
Project("{9A19103F-16F7-4668-BE54-9A1E7A4F7556}") = "LibDbProviders.SqLite", "..\..\Libraries\DataBase\src\DataBaseProviders\LibDbProviders.SqLite\LibDbProviders.SqLite.csproj", "{6C309FF4-769D-44AC-B4B6-D7F4B31E8062}"
EndProject
Project("{9A19103F-16F7-4668-BE54-9A1E7A4F7556}") = "LibDbProviders.MySql", "..\..\Libraries\DataBase\src\DataBaseProviders\LibDbProviders.MySql\LibDbProviders.MySql.csproj", "{2B2D2A86-5112-4FCE-BD8C-BD315CF2CC8B}"
EndProject
Project("{9A19103F-16F7-4668-BE54-9A1E7A4F7556}") = "BauDbStudio", "src\Apps\BauDbStudio\BauDbStudio.csproj", "{376A8AF3-3F46-4511-BA1A-D83F3B100F72}"
EndProject
Project("{2150E333-8FDC-42A3-9474-1A3956D46DE8}") = "DbScripts", "DbScripts", "{64073466-D8E0-44DF-93CB-0542596EA96E}"
EndProject
Project("{2150E333-8FDC-42A3-9474-1A3956D46DE8}") = "EtlScripts", "EtlScripts", "{88C69E53-CB47-4E32-8D42-D6FB3208C008}"
EndProject
Project("{9A19103F-16F7-4668-BE54-9A1E7A4F7556}") = "LibDbScripts.Manager", "src\Libraries\JobEtlProcessor\LibDBScripts.Manager\LibDbScripts.Manager.csproj", "{F6360CDF-391D-4DDD-82EE-1BCC462F0B34}"
EndProject
Project("{9A19103F-16F7-4668-BE54-9A1E7A4F7556}") = "LibJobProcessor.Cloud", "src\Libraries\JobEtlProcessor\LibJobProcessor.Cloud\LibJobProcessor.Cloud.csproj", "{204149D3-99C5-4F3E-BCAE-4F645B7D2406}"
EndProject
Project("{9A19103F-16F7-4668-BE54-9A1E7A4F7556}") = "LibJobProcessor.Core", "src\Libraries\JobEtlProcessor\LibJobProcessor.Core\LibJobProcessor.Core.csproj", "{443DB651-8641-4190-9BBB-8A1017E0A950}"
EndProject
Project("{9A19103F-16F7-4668-BE54-9A1E7A4F7556}") = "LibJobProcessor.Database", "src\Libraries\JobEtlProcessor\LibJobProcessor.Database\LibJobProcessor.Database.csproj", "{7378579C-0A1D-49B9-BF62-E15F7234644B}"
EndProject
Project("{9A19103F-16F7-4668-BE54-9A1E7A4F7556}") = "LibJobProcessor.Manager", "src\Libraries\JobEtlProcessor\LibJobProcessor.Manager\LibJobProcessor.Manager.csproj", "{9E92B84A-5598-4C62-AF45-D10095EC3408}"
EndProject
Project("{9A19103F-16F7-4668-BE54-9A1E7A4F7556}") = "DbAggregator", "..\..\Libraries\DataBase\src\DbAggregator\DbAggregator.csproj", "{81004BD0-D3B1-40CC-9576-596535C3FEAE}"
EndProject
Project("{2150E333-8FDC-42A3-9474-1A3956D46DE8}") = "Interpreter", "Interpreter", "{EA93FCC3-6D5A-48FF-A0F7-C0C327C3ABC0}"
EndProject
Project("{9A19103F-16F7-4668-BE54-9A1E7A4F7556}") = "LibInterpreter", "..\..\Libraries\Compilers\src\LibInterpreter\LibInterpreter.csproj", "{086DDEBE-EFDC-4459-A4AA-9AAFFC996917}"
EndProject
Project("{9A19103F-16F7-4668-BE54-9A1E7A4F7556}") = "DbStudio.Models", "src\Libraries\DbStudio\DbStudio.Models\DbStudio.Models.csproj", "{517B4544-759D-46D4-8299-3A1AE3D89330}"
EndProject
Project("{9A19103F-16F7-4668-BE54-9A1E7A4F7556}") = "DbStudio.Application", "src\Libraries\DbStudio\DbStudio.Application\DbStudio.Application.csproj", "{43C75FA6-C7F1-47C7-8E04-6F4C479AFD9F}"
EndProject
Project("{9A19103F-16F7-4668-BE54-9A1E7A4F7556}") = "DbStudio.ViewModels", "src\Libraries\DbStudio\DbStudio.ViewModels\DbStudio.ViewModels.csproj", "{9BB004AF-BAC2-45F0-A6A7-6E9EDBB5432D}"
EndProject
Project("{9A19103F-16F7-4668-BE54-9A1E7A4F7556}") = "LibDbScripts.Parser", "..\..\Libraries\DataBase\src\DbScripts\LibDbScripts.Parser\LibDbScripts.Parser.csproj", "{5FEA8A35-DE6B-4EA4-9DDC-20974FADBACD}"
EndProject
Project("{2150E333-8FDC-42A3-9474-1A3956D46DE8}") = "System", "System", "{477615CB-82F6-4B13-9F1F-DE664A78888B}"
EndProject
Project("{9A19103F-16F7-4668-BE54-9A1E7A4F7556}") = "LibJobProcessor.Powershell", "src\Libraries\JobEtlProcessor\LibJobProcessor.Powershell\LibJobProcessor.Powershell.csproj", "{36C26A78-6CAE-40B2-AE1F-33F52E7CB47A}"
EndProject
Project("{9A19103F-16F7-4668-BE54-9A1E7A4F7556}") = "BauMvvm.Views.Wpf", "..\..\Libraries\Architecture\Mvvm\src\BauMvvm.Views.Wpf\BauMvvm.Views.Wpf.csproj", "{A6265CD2-5A09-4151-A292-782946FA4E4D}"
EndProject
Project("{FAE04EC0-301F-11D3-BF4B-00C04F79EFBC}") = "LibPowerShellManager", "..\..\Libraries\Common\LibPowerShell\LibPowerShellManager\LibPowerShellManager.csproj", "{6A591578-FE7A-48C5-8C3D-56876CA2BB85}"
EndProject
Global
	GlobalSection(SolutionConfigurationPlatforms) = preSolution
		Debug|Any CPU = Debug|Any CPU
		Release|Any CPU = Release|Any CPU
	EndGlobalSection
	GlobalSection(ProjectConfigurationPlatforms) = postSolution
		{C4411755-086A-464B-A62D-BE0CCD18EFB9}.Debug|Any CPU.ActiveCfg = Debug|Any CPU
		{C4411755-086A-464B-A62D-BE0CCD18EFB9}.Debug|Any CPU.Build.0 = Debug|Any CPU
		{C4411755-086A-464B-A62D-BE0CCD18EFB9}.Release|Any CPU.ActiveCfg = Release|Any CPU
		{C4411755-086A-464B-A62D-BE0CCD18EFB9}.Release|Any CPU.Build.0 = Release|Any CPU
		{4E07699F-5BD6-41C5-A42E-928A2AA332FC}.Debug|Any CPU.ActiveCfg = Debug|Any CPU
		{4E07699F-5BD6-41C5-A42E-928A2AA332FC}.Debug|Any CPU.Build.0 = Debug|Any CPU
		{4E07699F-5BD6-41C5-A42E-928A2AA332FC}.Release|Any CPU.ActiveCfg = Release|Any CPU
		{4E07699F-5BD6-41C5-A42E-928A2AA332FC}.Release|Any CPU.Build.0 = Release|Any CPU
		{681609AF-B80A-4CBD-80A9-926B3C6FA817}.Debug|Any CPU.ActiveCfg = Debug|Any CPU
		{681609AF-B80A-4CBD-80A9-926B3C6FA817}.Debug|Any CPU.Build.0 = Debug|Any CPU
		{681609AF-B80A-4CBD-80A9-926B3C6FA817}.Release|Any CPU.ActiveCfg = Release|Any CPU
		{681609AF-B80A-4CBD-80A9-926B3C6FA817}.Release|Any CPU.Build.0 = Release|Any CPU
		{AD91F360-8C28-44F8-9FE1-EB78A80F5D01}.Debug|Any CPU.ActiveCfg = Debug|Any CPU
		{AD91F360-8C28-44F8-9FE1-EB78A80F5D01}.Debug|Any CPU.Build.0 = Debug|Any CPU
		{AD91F360-8C28-44F8-9FE1-EB78A80F5D01}.Release|Any CPU.ActiveCfg = Release|Any CPU
		{AD91F360-8C28-44F8-9FE1-EB78A80F5D01}.Release|Any CPU.Build.0 = Release|Any CPU
		{511AAA9E-BB99-469F-80E1-A8DB0AC0C349}.Debug|Any CPU.ActiveCfg = Debug|Any CPU
		{511AAA9E-BB99-469F-80E1-A8DB0AC0C349}.Debug|Any CPU.Build.0 = Debug|Any CPU
		{511AAA9E-BB99-469F-80E1-A8DB0AC0C349}.Release|Any CPU.ActiveCfg = Release|Any CPU
		{511AAA9E-BB99-469F-80E1-A8DB0AC0C349}.Release|Any CPU.Build.0 = Release|Any CPU
		{D3EC0236-F914-4CBF-905F-423905043F77}.Debug|Any CPU.ActiveCfg = Debug|Any CPU
		{D3EC0236-F914-4CBF-905F-423905043F77}.Debug|Any CPU.Build.0 = Debug|Any CPU
		{D3EC0236-F914-4CBF-905F-423905043F77}.Release|Any CPU.ActiveCfg = Release|Any CPU
		{D3EC0236-F914-4CBF-905F-423905043F77}.Release|Any CPU.Build.0 = Release|Any CPU
		{529DA951-3C1E-4FE2-B0C4-928203105405}.Debug|Any CPU.ActiveCfg = Debug|Any CPU
		{529DA951-3C1E-4FE2-B0C4-928203105405}.Debug|Any CPU.Build.0 = Debug|Any CPU
		{529DA951-3C1E-4FE2-B0C4-928203105405}.Release|Any CPU.ActiveCfg = Release|Any CPU
		{529DA951-3C1E-4FE2-B0C4-928203105405}.Release|Any CPU.Build.0 = Release|Any CPU
		{60359CD0-48C5-4D38-BE6B-3FDD9896E646}.Debug|Any CPU.ActiveCfg = Debug|Any CPU
		{60359CD0-48C5-4D38-BE6B-3FDD9896E646}.Debug|Any CPU.Build.0 = Debug|Any CPU
		{60359CD0-48C5-4D38-BE6B-3FDD9896E646}.Release|Any CPU.ActiveCfg = Release|Any CPU
		{60359CD0-48C5-4D38-BE6B-3FDD9896E646}.Release|Any CPU.Build.0 = Release|Any CPU
		{412E56E8-9B78-4671-8CA8-FDF76415A0A1}.Debug|Any CPU.ActiveCfg = Debug|Any CPU
		{412E56E8-9B78-4671-8CA8-FDF76415A0A1}.Debug|Any CPU.Build.0 = Debug|Any CPU
		{412E56E8-9B78-4671-8CA8-FDF76415A0A1}.Release|Any CPU.ActiveCfg = Release|Any CPU
		{412E56E8-9B78-4671-8CA8-FDF76415A0A1}.Release|Any CPU.Build.0 = Release|Any CPU
		{68B398B8-CBA1-46EC-ADD7-F07CB9A47797}.Debug|Any CPU.ActiveCfg = Debug|Any CPU
		{68B398B8-CBA1-46EC-ADD7-F07CB9A47797}.Debug|Any CPU.Build.0 = Debug|Any CPU
		{68B398B8-CBA1-46EC-ADD7-F07CB9A47797}.Release|Any CPU.ActiveCfg = Release|Any CPU
		{68B398B8-CBA1-46EC-ADD7-F07CB9A47797}.Release|Any CPU.Build.0 = Release|Any CPU
		{720CCA0B-7A97-44D3-8571-C735CA85E3E2}.Debug|Any CPU.ActiveCfg = Debug|Any CPU
		{720CCA0B-7A97-44D3-8571-C735CA85E3E2}.Debug|Any CPU.Build.0 = Debug|Any CPU
		{720CCA0B-7A97-44D3-8571-C735CA85E3E2}.Release|Any CPU.ActiveCfg = Release|Any CPU
		{720CCA0B-7A97-44D3-8571-C735CA85E3E2}.Release|Any CPU.Build.0 = Release|Any CPU
		{FFA90CCE-8C07-4A0F-A90C-3ED1B7B81E9C}.Debug|Any CPU.ActiveCfg = Debug|Any CPU
		{FFA90CCE-8C07-4A0F-A90C-3ED1B7B81E9C}.Debug|Any CPU.Build.0 = Debug|Any CPU
		{FFA90CCE-8C07-4A0F-A90C-3ED1B7B81E9C}.Release|Any CPU.ActiveCfg = Release|Any CPU
		{FFA90CCE-8C07-4A0F-A90C-3ED1B7B81E9C}.Release|Any CPU.Build.0 = Release|Any CPU
		{FF525CBA-E313-44A2-958C-742F082440E5}.Debug|Any CPU.ActiveCfg = Debug|Any CPU
		{FF525CBA-E313-44A2-958C-742F082440E5}.Debug|Any CPU.Build.0 = Debug|Any CPU
		{FF525CBA-E313-44A2-958C-742F082440E5}.Release|Any CPU.ActiveCfg = Release|Any CPU
		{FF525CBA-E313-44A2-958C-742F082440E5}.Release|Any CPU.Build.0 = Release|Any CPU
		{D4E8BECA-34CB-4E9C-9745-56368366EF5D}.Debug|Any CPU.ActiveCfg = Debug|Any CPU
		{D4E8BECA-34CB-4E9C-9745-56368366EF5D}.Debug|Any CPU.Build.0 = Debug|Any CPU
		{D4E8BECA-34CB-4E9C-9745-56368366EF5D}.Release|Any CPU.ActiveCfg = Release|Any CPU
		{D4E8BECA-34CB-4E9C-9745-56368366EF5D}.Release|Any CPU.Build.0 = Release|Any CPU
		{393B297D-E162-4288-A84C-5923450202B7}.Debug|Any CPU.ActiveCfg = Debug|Any CPU
		{393B297D-E162-4288-A84C-5923450202B7}.Debug|Any CPU.Build.0 = Debug|Any CPU
		{393B297D-E162-4288-A84C-5923450202B7}.Release|Any CPU.ActiveCfg = Release|Any CPU
		{393B297D-E162-4288-A84C-5923450202B7}.Release|Any CPU.Build.0 = Release|Any CPU
		{67036C9A-1D5D-4D50-A2CB-DB8886EA08C3}.Debug|Any CPU.ActiveCfg = Debug|Any CPU
		{67036C9A-1D5D-4D50-A2CB-DB8886EA08C3}.Debug|Any CPU.Build.0 = Debug|Any CPU
		{67036C9A-1D5D-4D50-A2CB-DB8886EA08C3}.Release|Any CPU.ActiveCfg = Release|Any CPU
		{67036C9A-1D5D-4D50-A2CB-DB8886EA08C3}.Release|Any CPU.Build.0 = Release|Any CPU
		{E9D6C485-6293-4361-9CC0-4719918E0240}.Debug|Any CPU.ActiveCfg = Debug|Any CPU
		{E9D6C485-6293-4361-9CC0-4719918E0240}.Debug|Any CPU.Build.0 = Debug|Any CPU
		{E9D6C485-6293-4361-9CC0-4719918E0240}.Release|Any CPU.ActiveCfg = Release|Any CPU
		{E9D6C485-6293-4361-9CC0-4719918E0240}.Release|Any CPU.Build.0 = Release|Any CPU
		{F6D4F1DA-A554-41DC-8CF6-7CE7E499512A}.Debug|Any CPU.ActiveCfg = Debug|Any CPU
		{F6D4F1DA-A554-41DC-8CF6-7CE7E499512A}.Debug|Any CPU.Build.0 = Debug|Any CPU
		{F6D4F1DA-A554-41DC-8CF6-7CE7E499512A}.Release|Any CPU.ActiveCfg = Release|Any CPU
		{F6D4F1DA-A554-41DC-8CF6-7CE7E499512A}.Release|Any CPU.Build.0 = Release|Any CPU
		{A37594A6-8859-4DAF-A138-19F8EDCBFD80}.Debug|Any CPU.ActiveCfg = Debug|Any CPU
		{A37594A6-8859-4DAF-A138-19F8EDCBFD80}.Debug|Any CPU.Build.0 = Debug|Any CPU
		{A37594A6-8859-4DAF-A138-19F8EDCBFD80}.Release|Any CPU.ActiveCfg = Release|Any CPU
		{A37594A6-8859-4DAF-A138-19F8EDCBFD80}.Release|Any CPU.Build.0 = Release|Any CPU
		{541F7D56-48CB-4C5E-85D5-7126BF956E34}.Debug|Any CPU.ActiveCfg = Debug|Any CPU
		{541F7D56-48CB-4C5E-85D5-7126BF956E34}.Debug|Any CPU.Build.0 = Debug|Any CPU
		{541F7D56-48CB-4C5E-85D5-7126BF956E34}.Release|Any CPU.ActiveCfg = Release|Any CPU
		{541F7D56-48CB-4C5E-85D5-7126BF956E34}.Release|Any CPU.Build.0 = Release|Any CPU
		{24884425-CACD-48B2-A45D-C26127108E5A}.Debug|Any CPU.ActiveCfg = Debug|Any CPU
		{24884425-CACD-48B2-A45D-C26127108E5A}.Debug|Any CPU.Build.0 = Debug|Any CPU
		{24884425-CACD-48B2-A45D-C26127108E5A}.Release|Any CPU.ActiveCfg = Release|Any CPU
		{24884425-CACD-48B2-A45D-C26127108E5A}.Release|Any CPU.Build.0 = Release|Any CPU
		{15653E4E-C834-4DB7-8D99-E80C32DE7B3A}.Debug|Any CPU.ActiveCfg = Debug|Any CPU
		{15653E4E-C834-4DB7-8D99-E80C32DE7B3A}.Debug|Any CPU.Build.0 = Debug|Any CPU
		{15653E4E-C834-4DB7-8D99-E80C32DE7B3A}.Release|Any CPU.ActiveCfg = Release|Any CPU
		{15653E4E-C834-4DB7-8D99-E80C32DE7B3A}.Release|Any CPU.Build.0 = Release|Any CPU
		{AB6D6D20-2F3F-4542-AABD-0CA959B1D1AF}.Debug|Any CPU.ActiveCfg = Debug|Any CPU
		{AB6D6D20-2F3F-4542-AABD-0CA959B1D1AF}.Debug|Any CPU.Build.0 = Debug|Any CPU
		{AB6D6D20-2F3F-4542-AABD-0CA959B1D1AF}.Release|Any CPU.ActiveCfg = Release|Any CPU
		{AB6D6D20-2F3F-4542-AABD-0CA959B1D1AF}.Release|Any CPU.Build.0 = Release|Any CPU
		{6C309FF4-769D-44AC-B4B6-D7F4B31E8062}.Debug|Any CPU.ActiveCfg = Debug|Any CPU
		{6C309FF4-769D-44AC-B4B6-D7F4B31E8062}.Debug|Any CPU.Build.0 = Debug|Any CPU
		{6C309FF4-769D-44AC-B4B6-D7F4B31E8062}.Release|Any CPU.ActiveCfg = Release|Any CPU
		{6C309FF4-769D-44AC-B4B6-D7F4B31E8062}.Release|Any CPU.Build.0 = Release|Any CPU
		{2B2D2A86-5112-4FCE-BD8C-BD315CF2CC8B}.Debug|Any CPU.ActiveCfg = Debug|Any CPU
		{2B2D2A86-5112-4FCE-BD8C-BD315CF2CC8B}.Debug|Any CPU.Build.0 = Debug|Any CPU
		{2B2D2A86-5112-4FCE-BD8C-BD315CF2CC8B}.Release|Any CPU.ActiveCfg = Release|Any CPU
		{2B2D2A86-5112-4FCE-BD8C-BD315CF2CC8B}.Release|Any CPU.Build.0 = Release|Any CPU
		{376A8AF3-3F46-4511-BA1A-D83F3B100F72}.Debug|Any CPU.ActiveCfg = Debug|Any CPU
		{376A8AF3-3F46-4511-BA1A-D83F3B100F72}.Debug|Any CPU.Build.0 = Debug|Any CPU
		{376A8AF3-3F46-4511-BA1A-D83F3B100F72}.Release|Any CPU.ActiveCfg = Release|Any CPU
		{376A8AF3-3F46-4511-BA1A-D83F3B100F72}.Release|Any CPU.Build.0 = Release|Any CPU
		{F6360CDF-391D-4DDD-82EE-1BCC462F0B34}.Debug|Any CPU.ActiveCfg = Debug|Any CPU
		{F6360CDF-391D-4DDD-82EE-1BCC462F0B34}.Debug|Any CPU.Build.0 = Debug|Any CPU
		{F6360CDF-391D-4DDD-82EE-1BCC462F0B34}.Release|Any CPU.ActiveCfg = Release|Any CPU
		{F6360CDF-391D-4DDD-82EE-1BCC462F0B34}.Release|Any CPU.Build.0 = Release|Any CPU
		{204149D3-99C5-4F3E-BCAE-4F645B7D2406}.Debug|Any CPU.ActiveCfg = Debug|Any CPU
		{204149D3-99C5-4F3E-BCAE-4F645B7D2406}.Debug|Any CPU.Build.0 = Debug|Any CPU
		{204149D3-99C5-4F3E-BCAE-4F645B7D2406}.Release|Any CPU.ActiveCfg = Release|Any CPU
		{204149D3-99C5-4F3E-BCAE-4F645B7D2406}.Release|Any CPU.Build.0 = Release|Any CPU
		{443DB651-8641-4190-9BBB-8A1017E0A950}.Debug|Any CPU.ActiveCfg = Debug|Any CPU
		{443DB651-8641-4190-9BBB-8A1017E0A950}.Debug|Any CPU.Build.0 = Debug|Any CPU
		{443DB651-8641-4190-9BBB-8A1017E0A950}.Release|Any CPU.ActiveCfg = Release|Any CPU
		{443DB651-8641-4190-9BBB-8A1017E0A950}.Release|Any CPU.Build.0 = Release|Any CPU
		{7378579C-0A1D-49B9-BF62-E15F7234644B}.Debug|Any CPU.ActiveCfg = Debug|Any CPU
		{7378579C-0A1D-49B9-BF62-E15F7234644B}.Debug|Any CPU.Build.0 = Debug|Any CPU
		{7378579C-0A1D-49B9-BF62-E15F7234644B}.Release|Any CPU.ActiveCfg = Release|Any CPU
		{7378579C-0A1D-49B9-BF62-E15F7234644B}.Release|Any CPU.Build.0 = Release|Any CPU
		{9E92B84A-5598-4C62-AF45-D10095EC3408}.Debug|Any CPU.ActiveCfg = Debug|Any CPU
		{9E92B84A-5598-4C62-AF45-D10095EC3408}.Debug|Any CPU.Build.0 = Debug|Any CPU
		{9E92B84A-5598-4C62-AF45-D10095EC3408}.Release|Any CPU.ActiveCfg = Release|Any CPU
		{9E92B84A-5598-4C62-AF45-D10095EC3408}.Release|Any CPU.Build.0 = Release|Any CPU
		{81004BD0-D3B1-40CC-9576-596535C3FEAE}.Debug|Any CPU.ActiveCfg = Debug|Any CPU
		{81004BD0-D3B1-40CC-9576-596535C3FEAE}.Debug|Any CPU.Build.0 = Debug|Any CPU
		{81004BD0-D3B1-40CC-9576-596535C3FEAE}.Release|Any CPU.ActiveCfg = Release|Any CPU
		{81004BD0-D3B1-40CC-9576-596535C3FEAE}.Release|Any CPU.Build.0 = Release|Any CPU
		{086DDEBE-EFDC-4459-A4AA-9AAFFC996917}.Debug|Any CPU.ActiveCfg = Debug|Any CPU
		{086DDEBE-EFDC-4459-A4AA-9AAFFC996917}.Debug|Any CPU.Build.0 = Debug|Any CPU
		{086DDEBE-EFDC-4459-A4AA-9AAFFC996917}.Release|Any CPU.ActiveCfg = Release|Any CPU
		{086DDEBE-EFDC-4459-A4AA-9AAFFC996917}.Release|Any CPU.Build.0 = Release|Any CPU
		{517B4544-759D-46D4-8299-3A1AE3D89330}.Debug|Any CPU.ActiveCfg = Debug|Any CPU
		{517B4544-759D-46D4-8299-3A1AE3D89330}.Debug|Any CPU.Build.0 = Debug|Any CPU
		{517B4544-759D-46D4-8299-3A1AE3D89330}.Release|Any CPU.ActiveCfg = Release|Any CPU
		{517B4544-759D-46D4-8299-3A1AE3D89330}.Release|Any CPU.Build.0 = Release|Any CPU
		{43C75FA6-C7F1-47C7-8E04-6F4C479AFD9F}.Debug|Any CPU.ActiveCfg = Debug|Any CPU
		{43C75FA6-C7F1-47C7-8E04-6F4C479AFD9F}.Debug|Any CPU.Build.0 = Debug|Any CPU
		{43C75FA6-C7F1-47C7-8E04-6F4C479AFD9F}.Release|Any CPU.ActiveCfg = Release|Any CPU
		{43C75FA6-C7F1-47C7-8E04-6F4C479AFD9F}.Release|Any CPU.Build.0 = Release|Any CPU
		{9BB004AF-BAC2-45F0-A6A7-6E9EDBB5432D}.Debug|Any CPU.ActiveCfg = Debug|Any CPU
		{9BB004AF-BAC2-45F0-A6A7-6E9EDBB5432D}.Debug|Any CPU.Build.0 = Debug|Any CPU
		{9BB004AF-BAC2-45F0-A6A7-6E9EDBB5432D}.Release|Any CPU.ActiveCfg = Release|Any CPU
		{9BB004AF-BAC2-45F0-A6A7-6E9EDBB5432D}.Release|Any CPU.Build.0 = Release|Any CPU
		{5FEA8A35-DE6B-4EA4-9DDC-20974FADBACD}.Debug|Any CPU.ActiveCfg = Debug|Any CPU
		{5FEA8A35-DE6B-4EA4-9DDC-20974FADBACD}.Debug|Any CPU.Build.0 = Debug|Any CPU
		{5FEA8A35-DE6B-4EA4-9DDC-20974FADBACD}.Release|Any CPU.ActiveCfg = Release|Any CPU
		{5FEA8A35-DE6B-4EA4-9DDC-20974FADBACD}.Release|Any CPU.Build.0 = Release|Any CPU
		{36C26A78-6CAE-40B2-AE1F-33F52E7CB47A}.Debug|Any CPU.ActiveCfg = Debug|Any CPU
		{36C26A78-6CAE-40B2-AE1F-33F52E7CB47A}.Debug|Any CPU.Build.0 = Debug|Any CPU
		{36C26A78-6CAE-40B2-AE1F-33F52E7CB47A}.Release|Any CPU.ActiveCfg = Release|Any CPU
		{36C26A78-6CAE-40B2-AE1F-33F52E7CB47A}.Release|Any CPU.Build.0 = Release|Any CPU
		{A6265CD2-5A09-4151-A292-782946FA4E4D}.Debug|Any CPU.ActiveCfg = Debug|Any CPU
		{A6265CD2-5A09-4151-A292-782946FA4E4D}.Debug|Any CPU.Build.0 = Debug|Any CPU
		{A6265CD2-5A09-4151-A292-782946FA4E4D}.Release|Any CPU.ActiveCfg = Release|Any CPU
		{A6265CD2-5A09-4151-A292-782946FA4E4D}.Release|Any CPU.Build.0 = Release|Any CPU
		{6A591578-FE7A-48C5-8C3D-56876CA2BB85}.Debug|Any CPU.ActiveCfg = Debug|Any CPU
		{6A591578-FE7A-48C5-8C3D-56876CA2BB85}.Debug|Any CPU.Build.0 = Debug|Any CPU
		{6A591578-FE7A-48C5-8C3D-56876CA2BB85}.Release|Any CPU.ActiveCfg = Release|Any CPU
		{6A591578-FE7A-48C5-8C3D-56876CA2BB85}.Release|Any CPU.Build.0 = Release|Any CPU
	EndGlobalSection
	GlobalSection(SolutionProperties) = preSolution
		HideSolutionNode = FALSE
	EndGlobalSection
	GlobalSection(NestedProjects) = preSolution
		{C4411755-086A-464B-A62D-BE0CCD18EFB9} = {09DAD0DE-2075-4326-8208-00BBD0FE1FF1}
		{4E07699F-5BD6-41C5-A42E-928A2AA332FC} = {09DAD0DE-2075-4326-8208-00BBD0FE1FF1}
		{681609AF-B80A-4CBD-80A9-926B3C6FA817} = {2D981961-EB2A-4F8C-B214-AF852B18BD3E}
		{AD91F360-8C28-44F8-9FE1-EB78A80F5D01} = {F50F9D8F-4608-40BE-8614-244E148BFDAD}
		{511AAA9E-BB99-469F-80E1-A8DB0AC0C349} = {F50F9D8F-4608-40BE-8614-244E148BFDAD}
		{D3EC0236-F914-4CBF-905F-423905043F77} = {F50F9D8F-4608-40BE-8614-244E148BFDAD}
		{529DA951-3C1E-4FE2-B0C4-928203105405} = {F50F9D8F-4608-40BE-8614-244E148BFDAD}
		{60359CD0-48C5-4D38-BE6B-3FDD9896E646} = {F50F9D8F-4608-40BE-8614-244E148BFDAD}
		{412E56E8-9B78-4671-8CA8-FDF76415A0A1} = {F50F9D8F-4608-40BE-8614-244E148BFDAD}
		{68B398B8-CBA1-46EC-ADD7-F07CB9A47797} = {2D981961-EB2A-4F8C-B214-AF852B18BD3E}
		{2D981961-EB2A-4F8C-B214-AF852B18BD3E} = {A11B5607-E4D6-4254-97F7-1BE636C5C2C0}
		{F50F9D8F-4608-40BE-8614-244E148BFDAD} = {A11B5607-E4D6-4254-97F7-1BE636C5C2C0}
		{2E460AEC-0DD6-46AC-A4B0-74823FF4856D} = {A11B5607-E4D6-4254-97F7-1BE636C5C2C0}
		{720CCA0B-7A97-44D3-8571-C735CA85E3E2} = {2E460AEC-0DD6-46AC-A4B0-74823FF4856D}
		{FFA90CCE-8C07-4A0F-A90C-3ED1B7B81E9C} = {2E460AEC-0DD6-46AC-A4B0-74823FF4856D}
		{FF525CBA-E313-44A2-958C-742F082440E5} = {2D981961-EB2A-4F8C-B214-AF852B18BD3E}
		{4613522B-5973-4FFD-B94D-BEFF37B61BAB} = {A11B5607-E4D6-4254-97F7-1BE636C5C2C0}
		{D4E8BECA-34CB-4E9C-9745-56368366EF5D} = {4613522B-5973-4FFD-B94D-BEFF37B61BAB}
		{393B297D-E162-4288-A84C-5923450202B7} = {4613522B-5973-4FFD-B94D-BEFF37B61BAB}
		{67036C9A-1D5D-4D50-A2CB-DB8886EA08C3} = {2D981961-EB2A-4F8C-B214-AF852B18BD3E}
		{E9D6C485-6293-4361-9CC0-4719918E0240} = {2D981961-EB2A-4F8C-B214-AF852B18BD3E}
		{F6D4F1DA-A554-41DC-8CF6-7CE7E499512A} = {2D981961-EB2A-4F8C-B214-AF852B18BD3E}
		{A37594A6-8859-4DAF-A138-19F8EDCBFD80} = {4613522B-5973-4FFD-B94D-BEFF37B61BAB}
		{541F7D56-48CB-4C5E-85D5-7126BF956E34} = {4613522B-5973-4FFD-B94D-BEFF37B61BAB}
		{24884425-CACD-48B2-A45D-C26127108E5A} = {4613522B-5973-4FFD-B94D-BEFF37B61BAB}
		{15653E4E-C834-4DB7-8D99-E80C32DE7B3A} = {477615CB-82F6-4B13-9F1F-DE664A78888B}
		{5BB81F6D-2CD5-4A79-B214-0E3A0A77BDEE} = {A11B5607-E4D6-4254-97F7-1BE636C5C2C0}
		{AB6D6D20-2F3F-4542-AABD-0CA959B1D1AF} = {5BB81F6D-2CD5-4A79-B214-0E3A0A77BDEE}
		{6C309FF4-769D-44AC-B4B6-D7F4B31E8062} = {4613522B-5973-4FFD-B94D-BEFF37B61BAB}
		{2B2D2A86-5112-4FCE-BD8C-BD315CF2CC8B} = {4613522B-5973-4FFD-B94D-BEFF37B61BAB}
		{64073466-D8E0-44DF-93CB-0542596EA96E} = {9E0378CF-6ADF-48F2-85F6-7FDD79278710}
		{88C69E53-CB47-4E32-8D42-D6FB3208C008} = {9E0378CF-6ADF-48F2-85F6-7FDD79278710}
		{F6360CDF-391D-4DDD-82EE-1BCC462F0B34} = {88C69E53-CB47-4E32-8D42-D6FB3208C008}
		{204149D3-99C5-4F3E-BCAE-4F645B7D2406} = {88C69E53-CB47-4E32-8D42-D6FB3208C008}
		{443DB651-8641-4190-9BBB-8A1017E0A950} = {88C69E53-CB47-4E32-8D42-D6FB3208C008}
		{7378579C-0A1D-49B9-BF62-E15F7234644B} = {88C69E53-CB47-4E32-8D42-D6FB3208C008}
		{9E92B84A-5598-4C62-AF45-D10095EC3408} = {88C69E53-CB47-4E32-8D42-D6FB3208C008}
		{81004BD0-D3B1-40CC-9576-596535C3FEAE} = {4613522B-5973-4FFD-B94D-BEFF37B61BAB}
		{EA93FCC3-6D5A-48FF-A0F7-C0C327C3ABC0} = {A11B5607-E4D6-4254-97F7-1BE636C5C2C0}
		{086DDEBE-EFDC-4459-A4AA-9AAFFC996917} = {EA93FCC3-6D5A-48FF-A0F7-C0C327C3ABC0}
		{517B4544-759D-46D4-8299-3A1AE3D89330} = {64073466-D8E0-44DF-93CB-0542596EA96E}
		{43C75FA6-C7F1-47C7-8E04-6F4C479AFD9F} = {64073466-D8E0-44DF-93CB-0542596EA96E}
		{9BB004AF-BAC2-45F0-A6A7-6E9EDBB5432D} = {64073466-D8E0-44DF-93CB-0542596EA96E}
		{5FEA8A35-DE6B-4EA4-9DDC-20974FADBACD} = {88C69E53-CB47-4E32-8D42-D6FB3208C008}
		{477615CB-82F6-4B13-9F1F-DE664A78888B} = {A11B5607-E4D6-4254-97F7-1BE636C5C2C0}
		{36C26A78-6CAE-40B2-AE1F-33F52E7CB47A} = {88C69E53-CB47-4E32-8D42-D6FB3208C008}
		{A6265CD2-5A09-4151-A292-782946FA4E4D} = {2E460AEC-0DD6-46AC-A4B0-74823FF4856D}
		{6A591578-FE7A-48C5-8C3D-56876CA2BB85} = {477615CB-82F6-4B13-9F1F-DE664A78888B}
	EndGlobalSection
	GlobalSection(ExtensibilityGlobals) = postSolution
		SolutionGuid = {A8389148-0008-4F6C-ADF4-15B8FEC0277F}
	EndGlobalSection
EndGlobal
