
Microsoft Visual Studio Solution File, Format Version 12.00
# Visual Studio Version 17
VisualStudioVersion = 17.4.33122.133
MinimumVisualStudioVersion = 10.0.40219.1
Project("{9A19103F-16F7-4668-BE54-9A1E7A4F7556}") = "LibReporting.Tests", "Tests\LibReporting.Tests\LibReporting.Tests\LibReporting.Tests.csproj", "{D77117C9-406D-44D9-81E7-B781E82994F2}"
EndProject
Project("{9A19103F-16F7-4668-BE54-9A1E7A4F7556}") = "LibReporting.Models", "LibReporting.Models\LibReporting.Models.csproj", "{35970DD1-A9AE-4722-A9C4-8385CE0E41C5}"
EndProject
Project("{9A19103F-16F7-4668-BE54-9A1E7A4F7556}") = "LibReporting.Requests", "LibReporting.Requests\LibReporting.Requests.csproj", "{36A39A19-3365-40F2-80DA-4A46258E4128}"
EndProject
Project("{9A19103F-16F7-4668-BE54-9A1E7A4F7556}") = "LibReporting.Solution", "LibReporting.Solution\LibReporting.Solution.csproj", "{A6E29D90-D9B9-4310-B1CB-22A8161C20B5}"
EndProject
Project("{9A19103F-16F7-4668-BE54-9A1E7A4F7556}") = "LibReporting.Application", "LibReporting.Application\LibReporting.Application.csproj", "{5D3C6DB7-A823-4CA9-B20A-183325489391}"
EndProject
Global
	GlobalSection(SolutionConfigurationPlatforms) = preSolution
		Debug|Any CPU = Debug|Any CPU
		Release|Any CPU = Release|Any CPU
	EndGlobalSection
	GlobalSection(ProjectConfigurationPlatforms) = postSolution
		{D77117C9-406D-44D9-81E7-B781E82994F2}.Debug|Any CPU.ActiveCfg = Debug|Any CPU
		{D77117C9-406D-44D9-81E7-B781E82994F2}.Debug|Any CPU.Build.0 = Debug|Any CPU
		{D77117C9-406D-44D9-81E7-B781E82994F2}.Release|Any CPU.ActiveCfg = Release|Any CPU
		{D77117C9-406D-44D9-81E7-B781E82994F2}.Release|Any CPU.Build.0 = Release|Any CPU
		{35970DD1-A9AE-4722-A9C4-8385CE0E41C5}.Debug|Any CPU.ActiveCfg = Debug|Any CPU
		{35970DD1-A9AE-4722-A9C4-8385CE0E41C5}.Debug|Any CPU.Build.0 = Debug|Any CPU
		{35970DD1-A9AE-4722-A9C4-8385CE0E41C5}.Release|Any CPU.ActiveCfg = Release|Any CPU
		{35970DD1-A9AE-4722-A9C4-8385CE0E41C5}.Release|Any CPU.Build.0 = Release|Any CPU
		{36A39A19-3365-40F2-80DA-4A46258E4128}.Debug|Any CPU.ActiveCfg = Debug|Any CPU
		{36A39A19-3365-40F2-80DA-4A46258E4128}.Debug|Any CPU.Build.0 = Debug|Any CPU
		{36A39A19-3365-40F2-80DA-4A46258E4128}.Release|Any CPU.ActiveCfg = Release|Any CPU
		{36A39A19-3365-40F2-80DA-4A46258E4128}.Release|Any CPU.Build.0 = Release|Any CPU
		{A6E29D90-D9B9-4310-B1CB-22A8161C20B5}.Debug|Any CPU.ActiveCfg = Debug|Any CPU
		{A6E29D90-D9B9-4310-B1CB-22A8161C20B5}.Debug|Any CPU.Build.0 = Debug|Any CPU
		{A6E29D90-D9B9-4310-B1CB-22A8161C20B5}.Release|Any CPU.ActiveCfg = Release|Any CPU
		{A6E29D90-D9B9-4310-B1CB-22A8161C20B5}.Release|Any CPU.Build.0 = Release|Any CPU
		{5D3C6DB7-A823-4CA9-B20A-183325489391}.Debug|Any CPU.ActiveCfg = Debug|Any CPU
		{5D3C6DB7-A823-4CA9-B20A-183325489391}.Debug|Any CPU.Build.0 = Debug|Any CPU
		{5D3C6DB7-A823-4CA9-B20A-183325489391}.Release|Any CPU.ActiveCfg = Release|Any CPU
		{5D3C6DB7-A823-4CA9-B20A-183325489391}.Release|Any CPU.Build.0 = Release|Any CPU
	EndGlobalSection
	GlobalSection(SolutionProperties) = preSolution
		HideSolutionNode = FALSE
	EndGlobalSection
	GlobalSection(ExtensibilityGlobals) = postSolution
		SolutionGuid = {2111BFCA-9ACA-4D6A-AE96-C0ABDE9E3F20}
	EndGlobalSection
EndGlobal
