
Microsoft Visual Studio Solution File, Format Version 12.00
# Visual Studio Version 17
VisualStudioVersion = 17.8.34330.188
MinimumVisualStudioVersion = 10.0.40219.1
Project("{FAE04EC0-301F-11D3-BF4B-00C04F79EFBC}") = "RestManager", "RestManager\RestManager.csproj", "{DFE5E892-EBF6-4B5B-9C54-43437B8D4C52}"
EndProject
Project("{9A19103F-16F7-4668-BE54-9A1E7A4F7556}") = "AnalyticAlways.JsonFiles.Toolbelt", "AnalyticAlways.JsonFiles.Toolbelt\src\AnalyticAlways.JsonFiles.Toolbelt\AnalyticAlways.JsonFiles.Toolbelt.csproj", "{F1882933-30C0-4F41-B90E-247CB192FACF}"
EndProject
Global
	GlobalSection(SolutionConfigurationPlatforms) = preSolution
		Debug|Any CPU = Debug|Any CPU
		Release|Any CPU = Release|Any CPU
	EndGlobalSection
	GlobalSection(ProjectConfigurationPlatforms) = postSolution
		{DFE5E892-EBF6-4B5B-9C54-43437B8D4C52}.Debug|Any CPU.ActiveCfg = Debug|Any CPU
		{DFE5E892-EBF6-4B5B-9C54-43437B8D4C52}.Debug|Any CPU.Build.0 = Debug|Any CPU
		{DFE5E892-EBF6-4B5B-9C54-43437B8D4C52}.Release|Any CPU.ActiveCfg = Release|Any CPU
		{DFE5E892-EBF6-4B5B-9C54-43437B8D4C52}.Release|Any CPU.Build.0 = Release|Any CPU
		{F1882933-30C0-4F41-B90E-247CB192FACF}.Debug|Any CPU.ActiveCfg = Debug|Any CPU
		{F1882933-30C0-4F41-B90E-247CB192FACF}.Debug|Any CPU.Build.0 = Debug|Any CPU
		{F1882933-30C0-4F41-B90E-247CB192FACF}.Release|Any CPU.ActiveCfg = Release|Any CPU
		{F1882933-30C0-4F41-B90E-247CB192FACF}.Release|Any CPU.Build.0 = Release|Any CPU
	EndGlobalSection
	GlobalSection(SolutionProperties) = preSolution
		HideSolutionNode = FALSE
	EndGlobalSection
	GlobalSection(ExtensibilityGlobals) = postSolution
		SolutionGuid = {0DEC520C-8DFE-49BF-888B-BB98D062306F}
	EndGlobalSection
EndGlobal
